
Microsoft Visual Studio Solution File, Format Version 12.00
# Visual Studio Version 17
VisualStudioVersion = 17.14.36915.13 d17.14
MinimumVisualStudioVersion = 10.0.40219.1
Project("{FAE04EC0-301F-11D3-BF4B-00C04F79EFBC}") = "CETGutter", "CETGutter.csproj", "{64EEEB03-9B1F-4168-ACD7-71CEC7C1FC39}"
EndProject
Global
	GlobalSection(SolutionConfigurationPlatforms) = preSolution
		Debug|Any CPU = Debug|Any CPU
		Release|Any CPU = Release|Any CPU
	EndGlobalSection
	GlobalSection(ProjectConfigurationPlatforms) = postSolution
		{64EEEB03-9B1F-4168-ACD7-71CEC7C1FC39}.Debug|Any CPU.ActiveCfg = Debug|Any CPU
		{64EEEB03-9B1F-4168-ACD7-71CEC7C1FC39}.Debug|Any CPU.Build.0 = Debug|Any CPU
		{64EEEB03-9B1F-4168-ACD7-71CEC7C1FC39}.Release|Any CPU.ActiveCfg = Release|Any CPU
		{64EEEB03-9B1F-4168-ACD7-71CEC7C1FC39}.Release|Any CPU.Build.0 = Release|Any CPU
	EndGlobalSection
	GlobalSection(SolutionProperties) = preSolution
		HideSolutionNode = FALSE
	EndGlobalSection
	GlobalSection(ExtensibilityGlobals) = postSolution
		SolutionGuid = {660FF628-24CD-4266-B9F7-A8BFB6CDA026}
	EndGlobalSection
EndGlobal
